
Microsoft Visual Studio Solution File, Format Version 12.00
# Visual Studio Version 17
VisualStudioVersion = 17.0.31903.59
MinimumVisualStudioVersion = 10.0.40219.1
Project("{2150E333-8FDC-42A3-9474-1A3956D46DE8}") = "src", "src", "{827E0CD3-B72D-47B6-A68D-7590B98EB39B}"
EndProject
Project("{FAE04EC0-301F-11D3-BF4B-00C04F79EFBC}") = "AlertService.Common", "AlertService.Common\AlertService.Common.csproj", "{ED1E3335-0642-4B69-8269-6FF5F6DC4B9B}"
EndProject
Project("{FAE04EC0-301F-11D3-BF4B-00C04F79EFBC}") = "AlertService.Models", "AlertService.Models\AlertService.Models.csproj", "{60821766-341C-42ED-81C1-58148D073762}"
EndProject
Project("{FAE04EC0-301F-11D3-BF4B-00C04F79EFBC}") = "AlertService.DTO", "AlertService.DTO\AlertService.DTO.csproj", "{AB3AA669-C681-4216-B9E9-5D8EBDD670D9}"
EndProject
Project("{FAE04EC0-301F-11D3-BF4B-00C04F79EFBC}") = "AlertService.Data", "AlertService.Data\AlertService.Data.csproj", "{14597839-265E-4786-B98A-77D3E473BE44}"
EndProject
Project("{FAE04EC0-301F-11D3-BF4B-00C04F79EFBC}") = "AlertService.Data.SQL", "AlertService.Data.SQL\AlertService.Data.SQL.csproj", "{ECEBC375-B252-4DF8-BF1D-6B2042F59673}"
EndProject
Project("{FAE04EC0-301F-11D3-BF4B-00C04F79EFBC}") = "AlertService.API", "AlertService.API\AlertService.API.csproj", "{F2387131-C56C-46F9-90FE-4070D52E643E}"
EndProject
Project("{2150E333-8FDC-42A3-9474-1A3956D46DE8}") = "tests", "tests", "{0AB3BF05-4346-4AA6-1389-037BE0695223}"
EndProject
Project("{FAE04EC0-301F-11D3-BF4B-00C04F79EFBC}") = "AlertService.API.Tests", "AlertService.API.Tests\AlertService.API.Tests.csproj", "{FCC78142-0699-436F-A33D-9A3F817B1F29}"
EndProject
Project("{FAE04EC0-301F-11D3-BF4B-00C04F79EFBC}") = "AlertService.Data.SQL.Tests", "AlertService.Data.SQL.Tests\AlertService.Data.SQL.Tests.csproj", "{DF2CE9FE-6EC9-47F9-B455-BE8A62D6E08E}"
EndProject
Global
	GlobalSection(SolutionConfigurationPlatforms) = preSolution
		Debug|Any CPU = Debug|Any CPU
		Debug|x64 = Debug|x64
		Debug|x86 = Debug|x86
		Release|Any CPU = Release|Any CPU
		Release|x64 = Release|x64
		Release|x86 = Release|x86
	EndGlobalSection
	GlobalSection(ProjectConfigurationPlatforms) = postSolution
		{ED1E3335-0642-4B69-8269-6FF5F6DC4B9B}.Debug|Any CPU.ActiveCfg = Debug|Any CPU
		{ED1E3335-0642-4B69-8269-6FF5F6DC4B9B}.Debug|Any CPU.Build.0 = Debug|Any CPU
		{ED1E3335-0642-4B69-8269-6FF5F6DC4B9B}.Debug|x64.ActiveCfg = Debug|Any CPU
		{ED1E3335-0642-4B69-8269-6FF5F6DC4B9B}.Debug|x64.Build.0 = Debug|Any CPU
		{ED1E3335-0642-4B69-8269-6FF5F6DC4B9B}.Debug|x86.ActiveCfg = Debug|Any CPU
		{ED1E3335-0642-4B69-8269-6FF5F6DC4B9B}.Debug|x86.Build.0 = Debug|Any CPU
		{ED1E3335-0642-4B69-8269-6FF5F6DC4B9B}.Release|Any CPU.ActiveCfg = Release|Any CPU
		{ED1E3335-0642-4B69-8269-6FF5F6DC4B9B}.Release|Any CPU.Build.0 = Release|Any CPU
		{ED1E3335-0642-4B69-8269-6FF5F6DC4B9B}.Release|x64.ActiveCfg = Release|Any CPU
		{ED1E3335-0642-4B69-8269-6FF5F6DC4B9B}.Release|x64.Build.0 = Release|Any CPU
		{ED1E3335-0642-4B69-8269-6FF5F6DC4B9B}.Release|x86.ActiveCfg = Release|Any CPU
		{ED1E3335-0642-4B69-8269-6FF5F6DC4B9B}.Release|x86.Build.0 = Release|Any CPU
		{60821766-341C-42ED-81C1-58148D073762}.Debug|Any CPU.ActiveCfg = Debug|Any CPU
		{60821766-341C-42ED-81C1-58148D073762}.Debug|Any CPU.Build.0 = Debug|Any CPU
		{60821766-341C-42ED-81C1-58148D073762}.Debug|x64.ActiveCfg = Debug|Any CPU
		{60821766-341C-42ED-81C1-58148D073762}.Debug|x64.Build.0 = Debug|Any CPU
		{60821766-341C-42ED-81C1-58148D073762}.Debug|x86.ActiveCfg = Debug|Any CPU
		{60821766-341C-42ED-81C1-58148D073762}.Debug|x86.Build.0 = Debug|Any CPU
		{60821766-341C-42ED-81C1-58148D073762}.Release|Any CPU.ActiveCfg = Release|Any CPU
		{60821766-341C-42ED-81C1-58148D073762}.Release|Any CPU.Build.0 = Release|Any CPU
		{60821766-341C-42ED-81C1-58148D073762}.Release|x64.ActiveCfg = Release|Any CPU
		{60821766-341C-42ED-81C1-58148D073762}.Release|x64.Build.0 = Release|Any CPU
		{60821766-341C-42ED-81C1-58148D073762}.Release|x86.ActiveCfg = Release|Any CPU
		{60821766-341C-42ED-81C1-58148D073762}.Release|x86.Build.0 = Release|Any CPU
		{AB3AA669-C681-4216-B9E9-5D8EBDD670D9}.Debug|Any CPU.ActiveCfg = Debug|Any CPU
		{AB3AA669-C681-4216-B9E9-5D8EBDD670D9}.Debug|Any CPU.Build.0 = Debug|Any CPU
		{AB3AA669-C681-4216-B9E9-5D8EBDD670D9}.Debug|x64.ActiveCfg = Debug|Any CPU
		{AB3AA669-C681-4216-B9E9-5D8EBDD670D9}.Debug|x64.Build.0 = Debug|Any CPU
		{AB3AA669-C681-4216-B9E9-5D8EBDD670D9}.Debug|x86.ActiveCfg = Debug|Any CPU
		{AB3AA669-C681-4216-B9E9-5D8EBDD670D9}.Debug|x86.Build.0 = Debug|Any CPU
		{AB3AA669-C681-4216-B9E9-5D8EBDD670D9}.Release|Any CPU.ActiveCfg = Release|Any CPU
		{AB3AA669-C681-4216-B9E9-5D8EBDD670D9}.Release|Any CPU.Build.0 = Release|Any CPU
		{AB3AA669-C681-4216-B9E9-5D8EBDD670D9}.Release|x64.ActiveCfg = Release|Any CPU
		{AB3AA669-C681-4216-B9E9-5D8EBDD670D9}.Release|x64.Build.0 = Release|Any CPU
		{AB3AA669-C681-4216-B9E9-5D8EBDD670D9}.Release|x86.ActiveCfg = Release|Any CPU
		{AB3AA669-C681-4216-B9E9-5D8EBDD670D9}.Release|x86.Build.0 = Release|Any CPU
		{14597839-265E-4786-B98A-77D3E473BE44}.Debug|Any CPU.ActiveCfg = Debug|Any CPU
		{14597839-265E-4786-B98A-77D3E473BE44}.Debug|Any CPU.Build.0 = Debug|Any CPU
		{14597839-265E-4786-B98A-77D3E473BE44}.Debug|x64.ActiveCfg = Debug|Any CPU
		{14597839-265E-4786-B98A-77D3E473BE44}.Debug|x64.Build.0 = Debug|Any CPU
		{14597839-265E-4786-B98A-77D3E473BE44}.Debug|x86.ActiveCfg = Debug|Any CPU
		{14597839-265E-4786-B98A-77D3E473BE44}.Debug|x86.Build.0 = Debug|Any CPU
		{14597839-265E-4786-B98A-77D3E473BE44}.Release|Any CPU.ActiveCfg = Release|Any CPU
		{14597839-265E-4786-B98A-77D3E473BE44}.Release|Any CPU.Build.0 = Release|Any CPU
		{14597839-265E-4786-B98A-77D3E473BE44}.Release|x64.ActiveCfg = Release|Any CPU
		{14597839-265E-4786-B98A-77D3E473BE44}.Release|x64.Build.0 = Release|Any CPU
		{14597839-265E-4786-B98A-77D3E473BE44}.Release|x86.ActiveCfg = Release|Any CPU
		{14597839-265E-4786-B98A-77D3E473BE44}.Release|x86.Build.0 = Release|Any CPU
		{ECEBC375-B252-4DF8-BF1D-6B2042F59673}.Debug|Any CPU.ActiveCfg = Debug|Any CPU
		{ECEBC375-B252-4DF8-BF1D-6B2042F59673}.Debug|Any CPU.Build.0 = Debug|Any CPU
		{ECEBC375-B252-4DF8-BF1D-6B2042F59673}.Debug|x64.ActiveCfg = Debug|Any CPU
		{ECEBC375-B252-4DF8-BF1D-6B2042F59673}.Debug|x64.Build.0 = Debug|Any CPU
		{ECEBC375-B252-4DF8-BF1D-6B2042F59673}.Debug|x86.ActiveCfg = Debug|Any CPU
		{ECEBC375-B252-4DF8-BF1D-6B2042F59673}.Debug|x86.Build.0 = Debug|Any CPU
		{ECEBC375-B252-4DF8-BF1D-6B2042F59673}.Release|Any CPU.ActiveCfg = Release|Any CPU
		{ECEBC375-B252-4DF8-BF1D-6B2042F59673}.Release|Any CPU.Build.0 = Release|Any CPU
		{ECEBC375-B252-4DF8-BF1D-6B2042F59673}.Release|x64.ActiveCfg = Release|Any CPU
		{ECEBC375-B252-4DF8-BF1D-6B2042F59673}.Release|x64.Build.0 = Release|Any CPU
		{ECEBC375-B252-4DF8-BF1D-6B2042F59673}.Release|x86.ActiveCfg = Release|Any CPU
		{ECEBC375-B252-4DF8-BF1D-6B2042F59673}.Release|x86.Build.0 = Release|Any CPU
		{F2387131-C56C-46F9-90FE-4070D52E643E}.Debug|Any CPU.ActiveCfg = Debug|Any CPU
		{F2387131-C56C-46F9-90FE-4070D52E643E}.Debug|Any CPU.Build.0 = Debug|Any CPU
		{F2387131-C56C-46F9-90FE-4070D52E643E}.Debug|x64.ActiveCfg = Debug|Any CPU
		{F2387131-C56C-46F9-90FE-4070D52E643E}.Debug|x64.Build.0 = Debug|Any CPU
		{F2387131-C56C-46F9-90FE-4070D52E643E}.Debug|x86.ActiveCfg = Debug|Any CPU
		{F2387131-C56C-46F9-90FE-4070D52E643E}.Debug|x86.Build.0 = Debug|Any CPU
		{F2387131-C56C-46F9-90FE-4070D52E643E}.Release|Any CPU.ActiveCfg = Release|Any CPU
		{F2387131-C56C-46F9-90FE-4070D52E643E}.Release|Any CPU.Build.0 = Release|Any CPU
		{F2387131-C56C-46F9-90FE-4070D52E643E}.Release|x64.ActiveCfg = Release|Any CPU
		{F2387131-C56C-46F9-90FE-4070D52E643E}.Release|x64.Build.0 = Release|Any CPU
		{F2387131-C56C-46F9-90FE-4070D52E643E}.Release|x86.ActiveCfg = Release|Any CPU
		{F2387131-C56C-46F9-90FE-4070D52E643E}.Release|x86.Build.0 = Release|Any CPU
		{FCC78142-0699-436F-A33D-9A3F817B1F29}.Debug|Any CPU.ActiveCfg = Debug|Any CPU
		{FCC78142-0699-436F-A33D-9A3F817B1F29}.Debug|Any CPU.Build.0 = Debug|Any CPU
		{FCC78142-0699-436F-A33D-9A3F817B1F29}.Debug|x64.ActiveCfg = Debug|Any CPU
		{FCC78142-0699-436F-A33D-9A3F817B1F29}.Debug|x64.Build.0 = Debug|Any CPU
		{FCC78142-0699-436F-A33D-9A3F817B1F29}.Debug|x86.ActiveCfg = Debug|Any CPU
		{FCC78142-0699-436F-A33D-9A3F817B1F29}.Debug|x86.Build.0 = Debug|Any CPU
		{FCC78142-0699-436F-A33D-9A3F817B1F29}.Release|Any CPU.ActiveCfg = Release|Any CPU
		{FCC78142-0699-436F-A33D-9A3F817B1F29}.Release|Any CPU.Build.0 = Release|Any CPU
		{FCC78142-0699-436F-A33D-9A3F817B1F29}.Release|x64.ActiveCfg = Release|Any CPU
		{FCC78142-0699-436F-A33D-9A3F817B1F29}.Release|x64.Build.0 = Release|Any CPU
		{FCC78142-0699-436F-A33D-9A3F817B1F29}.Release|x86.ActiveCfg = Release|Any CPU
		{FCC78142-0699-436F-A33D-9A3F817B1F29}.Release|x86.Build.0 = Release|Any CPU
		{DF2CE9FE-6EC9-47F9-B455-BE8A62D6E08E}.Debug|Any CPU.ActiveCfg = Debug|Any CPU
		{DF2CE9FE-6EC9-47F9-B455-BE8A62D6E08E}.Debug|Any CPU.Build.0 = Debug|Any CPU
		{DF2CE9FE-6EC9-47F9-B455-BE8A62D6E08E}.Debug|x64.ActiveCfg = Debug|Any CPU
		{DF2CE9FE-6EC9-47F9-B455-BE8A62D6E08E}.Debug|x64.Build.0 = Debug|Any CPU
		{DF2CE9FE-6EC9-47F9-B455-BE8A62D6E08E}.Debug|x86.ActiveCfg = Debug|Any CPU
		{DF2CE9FE-6EC9-47F9-B455-BE8A62D6E08E}.Debug|x86.Build.0 = Debug|Any CPU
		{DF2CE9FE-6EC9-47F9-B455-BE8A62D6E08E}.Release|Any CPU.ActiveCfg = Release|Any CPU
		{DF2CE9FE-6EC9-47F9-B455-BE8A62D6E08E}.Release|Any CPU.Build.0 = Release|Any CPU
		{DF2CE9FE-6EC9-47F9-B455-BE8A62D6E08E}.Release|x64.ActiveCfg = Release|Any CPU
		{DF2CE9FE-6EC9-47F9-B455-BE8A62D6E08E}.Release|x64.Build.0 = Release|Any CPU
		{DF2CE9FE-6EC9-47F9-B455-BE8A62D6E08E}.Release|x86.ActiveCfg = Release|Any CPU
		{DF2CE9FE-6EC9-47F9-B455-BE8A62D6E08E}.Release|x86.Build.0 = Release|Any CPU
	EndGlobalSection
	GlobalSection(SolutionProperties) = preSolution
		HideSolutionNode = FALSE
	EndGlobalSection
	GlobalSection(NestedProjects) = preSolution
		{ED1E3335-0642-4B69-8269-6FF5F6DC4B9B} = {827E0CD3-B72D-47B6-A68D-7590B98EB39B}
		{60821766-341C-42ED-81C1-58148D073762} = {827E0CD3-B72D-47B6-A68D-7590B98EB39B}
		{AB3AA669-C681-4216-B9E9-5D8EBDD670D9} = {827E0CD3-B72D-47B6-A68D-7590B98EB39B}
		{14597839-265E-4786-B98A-77D3E473BE44} = {827E0CD3-B72D-47B6-A68D-7590B98EB39B}
		{ECEBC375-B252-4DF8-BF1D-6B2042F59673} = {827E0CD3-B72D-47B6-A68D-7590B98EB39B}
		{F2387131-C56C-46F9-90FE-4070D52E643E} = {827E0CD3-B72D-47B6-A68D-7590B98EB39B}
		{FCC78142-0699-436F-A33D-9A3F817B1F29} = {0AB3BF05-4346-4AA6-1389-037BE0695223}
		{DF2CE9FE-6EC9-47F9-B455-BE8A62D6E08E} = {0AB3BF05-4346-4AA6-1389-037BE0695223}
	EndGlobalSection
EndGlobal
